
Microsoft Visual Studio Solution File, Format Version 12.00
# Visual Studio Version 16
VisualStudioVersion = 16.0.30309.148
MinimumVisualStudioVersion = 10.0.40219.1
Project("{9A19103F-16F7-4668-BE54-9A1E7A4F7556}") = "BankManagementSystem", "BankManagementSystem\BankManagementSystem.csproj", "{F8934367-6E5D-438D-9A11-539F6424F022}"
EndProject
Project("{9A19103F-16F7-4668-BE54-9A1E7A4F7556}") = "Test", "Test\Test.csproj", "{F835D613-67AC-47B2-BF54-1642F34F4D46}"
EndProject
Project("{9A19103F-16F7-4668-BE54-9A1E7A4F7556}") = "APIGateWay", "APIGateWay\APIGateWay.csproj", "{30E91DCC-539A-4B28-8C2B-9EA391B50B19}"
EndProject
Project("{9A19103F-16F7-4668-BE54-9A1E7A4F7556}") = "CircuitBreaker", "CircuitBreaker\CircuitBreaker.csproj", "{7C604443-03AB-4759-AAF1-09497A91C0C3}"
EndProject
Global
	GlobalSection(SolutionConfigurationPlatforms) = preSolution
		Debug|Any CPU = Debug|Any CPU
		Release|Any CPU = Release|Any CPU
	EndGlobalSection
	GlobalSection(ProjectConfigurationPlatforms) = postSolution
		{F8934367-6E5D-438D-9A11-539F6424F022}.Debug|Any CPU.ActiveCfg = Debug|Any CPU
		{F8934367-6E5D-438D-9A11-539F6424F022}.Debug|Any CPU.Build.0 = Debug|Any CPU
		{F8934367-6E5D-438D-9A11-539F6424F022}.Release|Any CPU.ActiveCfg = Release|Any CPU
		{F8934367-6E5D-438D-9A11-539F6424F022}.Release|Any CPU.Build.0 = Release|Any CPU
		{F835D613-67AC-47B2-BF54-1642F34F4D46}.Debug|Any CPU.ActiveCfg = Debug|Any CPU
		{F835D613-67AC-47B2-BF54-1642F34F4D46}.Debug|Any CPU.Build.0 = Debug|Any CPU
		{F835D613-67AC-47B2-BF54-1642F34F4D46}.Release|Any CPU.ActiveCfg = Release|Any CPU
		{F835D613-67AC-47B2-BF54-1642F34F4D46}.Release|Any CPU.Build.0 = Release|Any CPU
		{30E91DCC-539A-4B28-8C2B-9EA391B50B19}.Debug|Any CPU.ActiveCfg = Debug|Any CPU
		{30E91DCC-539A-4B28-8C2B-9EA391B50B19}.Debug|Any CPU.Build.0 = Debug|Any CPU
		{30E91DCC-539A-4B28-8C2B-9EA391B50B19}.Release|Any CPU.ActiveCfg = Release|Any CPU
		{30E91DCC-539A-4B28-8C2B-9EA391B50B19}.Release|Any CPU.Build.0 = Release|Any CPU
		{7C604443-03AB-4759-AAF1-09497A91C0C3}.Debug|Any CPU.ActiveCfg = Debug|Any CPU
		{7C604443-03AB-4759-AAF1-09497A91C0C3}.Debug|Any CPU.Build.0 = Debug|Any CPU
		{7C604443-03AB-4759-AAF1-09497A91C0C3}.Release|Any CPU.ActiveCfg = Release|Any CPU
		{7C604443-03AB-4759-AAF1-09497A91C0C3}.Release|Any CPU.Build.0 = Release|Any CPU
	EndGlobalSection
	GlobalSection(SolutionProperties) = preSolution
		HideSolutionNode = FALSE
	EndGlobalSection
	GlobalSection(ExtensibilityGlobals) = postSolution
		SolutionGuid = {82654E6B-B447-41D7-B48B-2BEC4C91A93E}
	EndGlobalSection
EndGlobal
